<?xml version="1.0" encoding="UTF-8"?>
<CONFIG>
  <ProjectOptions>
    <Version Value="12"/>
    <General>
      <Flags>
        <MainUnitHasCreateFormStatements Value="False"/>
        <MainUnitHasTitleStatement Value="False"/>
        <MainUnitHasScaledStatement Value="False"/>
      </Flags>
      <SessionStorage Value="InProjectDir"/>
      <Title Value="My Application"/>
      <UseAppBundle Value="False"/>
      <ResourceType Value="res"/>
    </General>
    <BuildModes>
      <Item Name="Default" Default="True"/>
      <Item Name="i386-win32">
        <CompilerOptions>
          <Version Value="11"/>
          <Target>
            <Filename Value="app_mi_rtl_console/bin/$(TargetCPU)-$(TargetOS)/app_mi_rtl_console.exe"/>
          </Target>
          <SearchPaths>
            <IncludeFiles Value="app_mi_rtl_console/inc;$(ProjOutDir)"/>
            <OtherUnitFiles Value="app_mi_rtl_console/units;app_mi_rtl_console"/>
            <UnitOutputDirectory Value="app_mi_rtl_console/lib/$(TargetCPU)-$(TargetOS)"/>
          </SearchPaths>
          <CodeGeneration>
            <TargetCPU Value="i386"/>
            <TargetOS Value="win32"/>
          </CodeGeneration>
          <Linking>
            <Debugging>
              <DebugInfoType Value="dsDwarf3"/>
            </Debugging>
          </Linking>
        </CompilerOptions>
      </Item>
      <Item Name="x86_64-win64">
        <CompilerOptions>
          <Version Value="11"/>
          <Target>
            <Filename Value="app_mi_rtl_console/bin/$(TargetCPU)-$(TargetOS)/app_mi_rtl_console.exe"/>
          </Target>
          <SearchPaths>
            <IncludeFiles Value="app_mi_rtl_console/inc;$(ProjOutDir)"/>
            <OtherUnitFiles Value="app_mi_rtl_console/units;app_mi_rtl_console"/>
            <UnitOutputDirectory Value="app_mi_rtl_console/lib/$(TargetCPU)-$(TargetOS)"/>
          </SearchPaths>
          <CodeGeneration>
            <TargetOS Value="win64"/>
          </CodeGeneration>
          <Linking>
            <Debugging>
              <DebugInfoType Value="dsDwarf3"/>
            </Debugging>
          </Linking>
        </CompilerOptions>
      </Item>
    </BuildModes>
    <PublishOptions>
      <Version Value="2"/>
      <UseFileFilters Value="True"/>
    </PublishOptions>
    <RunParams>
      <FormatVersion Value="2"/>
    </RunParams>
    <RequiredPackages>
      <Item>
        <PackageName Value="FCL"/>
      </Item>
      <Item>
        <PackageName Value="SQLDBLaz"/>
      </Item>
      <Item>
        <PackageName Value="mi.rtl"/>
      </Item>
    </RequiredPackages>
    <Units>
      <Unit>
        <Filename Value="app_mi_rtl_console.lpr"/>
        <IsPartOfProject Value="True"/>
      </Unit>
      <Unit>
        <Filename Value="app_mi_rtl_console/units/dm_unit1.pas"/>
        <IsPartOfProject Value="True"/>
        <HasResources Value="True"/>
      </Unit>
      <Unit>
        <Filename Value="app_mi_rtl_console/units/dm_unit2.pas"/>
        <IsPartOfProject Value="True"/>
        <HasResources Value="True"/>
      </Unit>
      <Unit>
        <Filename Value="app_mi_rtl_console/tarefas_a_fazer.pas"/>
        <IsPartOfProject Value="True"/>
      </Unit>
    </Units>
  </ProjectOptions>
  <CompilerOptions>
    <Version Value="11"/>
    <Target>
      <Filename Value="app_mi_rtl_console/bin/$(TargetCPU)-$(TargetOS)/app_mi_rtl_console"/>
    </Target>
    <SearchPaths>
      <IncludeFiles Value="app_mi_rtl_console/inc;$(ProjOutDir)"/>
      <OtherUnitFiles Value="app_mi_rtl_console/units;app_mi_rtl_console"/>
      <UnitOutputDirectory Value="app_mi_rtl_console/lib/$(TargetCPU)-$(TargetOS)"/>
    </SearchPaths>
    <Parsing>
      <SyntaxOptions>
        <SyntaxMode Value="Delphi"/>
      </SyntaxOptions>
    </Parsing>
    <Linking>
      <Debugging>
        <DebugInfoType Value="dsDwarf3"/>
      </Debugging>
    </Linking>
  </CompilerOptions>
  <Debugging>
    <Exceptions>
      <Item>
        <Name Value="EAbort"/>
      </Item>
      <Item>
        <Name Value="ECodetoolError"/>
      </Item>
      <Item>
        <Name Value="EFOpenError"/>
      </Item>
    </Exceptions>
  </Debugging>
</CONFIG>
